# This file was autogenerated by Stack.
# You should not edit this file by hand.
# For more information, please see the documentation at:
#   https://docs.haskellstack.org/en/stable/lock_files

packages:
- completed:
    hackage: fmt-0.6@sha256:71b2e27beee19e8c226e7f99b08b919b3679d407cbc5e033910e8b803b26b176,5381
    pantry-tree:
      size: 1004
      sha256: 7d0d6a8ac08130b2f78dab33f9ad8f3e8a0e69832fdc218af96ef6b66bad2570
  original:
    hackage: fmt-0.6
- completed:
    hackage: fmt-terminal-colors-0.1.0.0@sha256:4cb10acd4d1db46ada018907607aa85e5603c4873b58ed631b040ea496c4f071,1498
    pantry-tree:
      size: 371
      sha256: 7fff01955f60ed787c05503e3a85c170933856921495512f276b4096a0d4d0d6
  original:
    hackage: fmt-terminal-colors-0.1.0.0
snapshots:
- completed:
    size: 545658
    url: https://raw.githubusercontent.com/commercialhaskell/stackage-snapshots/master/lts/14/12.yaml
    sha256: 26b807457213126d26b595439d705dc824dbb7618b0de6b900adc2bf6a059406
  original: lts-14.12
